
Microsoft Visual Studio Solution File, Format Version 12.00
# Visual Studio Version 17
VisualStudioVersion = 17.0.31512.422
MinimumVisualStudioVersion = 10.0.40219.1
Project("{9A19103F-16F7-4668-BE54-9A1E7A4F7556}") = "FC.Core.Extension", "FC.Core.Extension\FC.Core.Extension.csproj", "{8A8D1E2C-67FB-425B-9763-CFCB7272698E}"
EndProject
Project("{2150E333-8FDC-42A3-9474-1A3956D46DE8}") = "Source", "Source", "{4F23AEFD-F85D-4640-A11C-4CA5017EDF0A}"
EndProject
Project("{2150E333-8FDC-42A3-9474-1A3956D46DE8}") = "Test", "Test", "{06A70015-817D-4C07-91E6-CD825B9BFDAC}"
EndProject
Project("{9A19103F-16F7-4668-BE54-9A1E7A4F7556}") = "FC.Core.Extension.Test", "FC.Core.Extension.Test\FC.Core.Extension.Test.csproj", "{E3767957-5DD2-40E5-823E-325B91F74F46}"
EndProject
Project("{2150E333-8FDC-42A3-9474-1A3956D46DE8}") = "Document", "Document", "{0ACEB3CF-B3E0-434D-A006-4E21E2E063E6}"
EndProject
Project("{2150E333-8FDC-42A3-9474-1A3956D46DE8}") = "Execution", "Execution", "{1D1DABF6-9093-449C-9E90-F43E0409C108}"
EndProject
Project("{9A19103F-16F7-4668-BE54-9A1E7A4F7556}") = "FC.Extension.ExecutionSample", "FC.Extension.ExecutionSample\FC.Extension.ExecutionSample.csproj", "{6AF23E57-DC6A-4E45-8670-0680836EF6B2}"
EndProject
Project("{9A19103F-16F7-4668-BE54-9A1E7A4F7556}") = "FC.Extension.HTTP", "FC.Extension.HTTP\FC.Extension.HTTP.csproj", "{376DB0D1-37A3-44D8-8B04-F0286F0B04B3}"
EndProject
Project("{9A19103F-16F7-4668-BE54-9A1E7A4F7556}") = "FC.Extension.RabbitMQ", "FC.Extension.RabbitMQ\FC.Extension.RabbitMQ.csproj", "{78BDDD41-1577-4741-B5F7-E73882F46DC0}"
EndProject
Project("{2150E333-8FDC-42A3-9474-1A3956D46DE8}") = "Benchmark", "Benchmark", "{8ADC579E-F29E-4C65-ACE5-3B3547D00E71}"
EndProject
Project("{FAE04EC0-301F-11D3-BF4B-00C04F79EFBC}") = "FC.Extension.AWS", "FC.Extension.AWS\FC.Extension.AWS.csproj", "{2CC2C3E8-BD17-4060-91B4-F3F3EF99A559}"
EndProject
Global
	GlobalSection(SolutionConfigurationPlatforms) = preSolution
		Debug|Any CPU = Debug|Any CPU
		Release|Any CPU = Release|Any CPU
	EndGlobalSection
	GlobalSection(ProjectConfigurationPlatforms) = postSolution
		{8A8D1E2C-67FB-425B-9763-CFCB7272698E}.Debug|Any CPU.ActiveCfg = Debug|Any CPU
		{8A8D1E2C-67FB-425B-9763-CFCB7272698E}.Debug|Any CPU.Build.0 = Debug|Any CPU
		{8A8D1E2C-67FB-425B-9763-CFCB7272698E}.Release|Any CPU.ActiveCfg = Release|Any CPU
		{8A8D1E2C-67FB-425B-9763-CFCB7272698E}.Release|Any CPU.Build.0 = Release|Any CPU
		{E3767957-5DD2-40E5-823E-325B91F74F46}.Debug|Any CPU.ActiveCfg = Debug|Any CPU
		{E3767957-5DD2-40E5-823E-325B91F74F46}.Debug|Any CPU.Build.0 = Debug|Any CPU
		{E3767957-5DD2-40E5-823E-325B91F74F46}.Release|Any CPU.ActiveCfg = Release|Any CPU
		{E3767957-5DD2-40E5-823E-325B91F74F46}.Release|Any CPU.Build.0 = Release|Any CPU
		{6AF23E57-DC6A-4E45-8670-0680836EF6B2}.Debug|Any CPU.ActiveCfg = Debug|Any CPU
		{6AF23E57-DC6A-4E45-8670-0680836EF6B2}.Debug|Any CPU.Build.0 = Debug|Any CPU
		{6AF23E57-DC6A-4E45-8670-0680836EF6B2}.Release|Any CPU.ActiveCfg = Release|Any CPU
		{6AF23E57-DC6A-4E45-8670-0680836EF6B2}.Release|Any CPU.Build.0 = Release|Any CPU
		{376DB0D1-37A3-44D8-8B04-F0286F0B04B3}.Debug|Any CPU.ActiveCfg = Debug|Any CPU
		{376DB0D1-37A3-44D8-8B04-F0286F0B04B3}.Debug|Any CPU.Build.0 = Debug|Any CPU
		{376DB0D1-37A3-44D8-8B04-F0286F0B04B3}.Release|Any CPU.ActiveCfg = Release|Any CPU
		{376DB0D1-37A3-44D8-8B04-F0286F0B04B3}.Release|Any CPU.Build.0 = Release|Any CPU
		{78BDDD41-1577-4741-B5F7-E73882F46DC0}.Debug|Any CPU.ActiveCfg = Debug|Any CPU
		{78BDDD41-1577-4741-B5F7-E73882F46DC0}.Debug|Any CPU.Build.0 = Debug|Any CPU
		{78BDDD41-1577-4741-B5F7-E73882F46DC0}.Release|Any CPU.ActiveCfg = Release|Any CPU
		{78BDDD41-1577-4741-B5F7-E73882F46DC0}.Release|Any CPU.Build.0 = Release|Any CPU
		{2CC2C3E8-BD17-4060-91B4-F3F3EF99A559}.Debug|Any CPU.ActiveCfg = Debug|Any CPU
		{2CC2C3E8-BD17-4060-91B4-F3F3EF99A559}.Debug|Any CPU.Build.0 = Debug|Any CPU
		{2CC2C3E8-BD17-4060-91B4-F3F3EF99A559}.Release|Any CPU.ActiveCfg = Release|Any CPU
		{2CC2C3E8-BD17-4060-91B4-F3F3EF99A559}.Release|Any CPU.Build.0 = Release|Any CPU
	EndGlobalSection
	GlobalSection(SolutionProperties) = preSolution
		HideSolutionNode = FALSE
	EndGlobalSection
	GlobalSection(NestedProjects) = preSolution
		{8A8D1E2C-67FB-425B-9763-CFCB7272698E} = {4F23AEFD-F85D-4640-A11C-4CA5017EDF0A}
		{E3767957-5DD2-40E5-823E-325B91F74F46} = {06A70015-817D-4C07-91E6-CD825B9BFDAC}
		{6AF23E57-DC6A-4E45-8670-0680836EF6B2} = {1D1DABF6-9093-449C-9E90-F43E0409C108}
		{376DB0D1-37A3-44D8-8B04-F0286F0B04B3} = {4F23AEFD-F85D-4640-A11C-4CA5017EDF0A}
		{78BDDD41-1577-4741-B5F7-E73882F46DC0} = {4F23AEFD-F85D-4640-A11C-4CA5017EDF0A}
		{2CC2C3E8-BD17-4060-91B4-F3F3EF99A559} = {4F23AEFD-F85D-4640-A11C-4CA5017EDF0A}
	EndGlobalSection
	GlobalSection(ExtensibilityGlobals) = postSolution
		SolutionGuid = {4165B1BA-1F90-4C11-9CF1-F8E897BD6918}
	EndGlobalSection
EndGlobal
